// !$*UTF8*$!
{
	archiveVersion = 1;
	classes = {
	};
	objectVersion = 48;
	objects = {

/* Begin PBXBuildFile section */
		E7041E1E202BF069002A5B81 /* QuizzesViewController.swift in Sources */ = {isa = PBXBuildFile; fileRef = E7041E1D202BF069002A5B81 /* QuizzesViewController.swift */; };
		E70793B7203B26C600BF6712 /* Quizzes.storyboard in Resources */ = {isa = PBXBuildFile; fileRef = E70793B6203B26C600BF6712 /* Quizzes.storyboard */; };
		E70793B9203B27AB00BF6712 /* Statistic.storyboard in Resources */ = {isa = PBXBuildFile; fileRef = E70793B8203B27AB00BF6712 /* Statistic.storyboard */; };
		E70793BB203B27D600BF6712 /* Settings.storyboard in Resources */ = {isa = PBXBuildFile; fileRef = E70793BA203B27D600BF6712 /* Settings.storyboard */; };
		E70793C9203B301800BF6712 /* TestInfo+CoreDataClass.swift in Sources */ = {isa = PBXBuildFile; fileRef = E70793C7203B301800BF6712 /* TestInfo+CoreDataClass.swift */; };
		E70793CA203B301800BF6712 /* TestInfo+CoreDataProperties.swift in Sources */ = {isa = PBXBuildFile; fileRef = E70793C8203B301800BF6712 /* TestInfo+CoreDataProperties.swift */; };
		E7089B42202BE3F30028272C /* QuizzesCollectionViewCell.swift in Sources */ = {isa = PBXBuildFile; fileRef = E7089B41202BE3F30028272C /* QuizzesCollectionViewCell.swift */; };
		E7089B44202BE42A0028272C /* QuizzesCollectionViewController.swift in Sources */ = {isa = PBXBuildFile; fileRef = E7089B43202BE42A0028272C /* QuizzesCollectionViewController.swift */; };
		E714DB872033E65E0082024E /* DictionaryTableViewCell.swift in Sources */ = {isa = PBXBuildFile; fileRef = E714DB862033E65E0082024E /* DictionaryTableViewCell.swift */; };
		E72E9DE3200C3300008D16A1 /* DictionariesViewController.swift in Sources */ = {isa = PBXBuildFile; fileRef = E72E9DE2200C3300008D16A1 /* DictionariesViewController.swift */; };
		E73171F21FFE56B500615B88 /* WordViewController.swift in Sources */ = {isa = PBXBuildFile; fileRef = E73171F11FFE56B500615B88 /* WordViewController.swift */; };
		E74B4A0920354285000BA062 /* WordsViewController.swift in Sources */ = {isa = PBXBuildFile; fileRef = E74B4A0820354285000BA062 /* WordsViewController.swift */; };
		E74B4A0B20362951000BA062 /* WordTableViewCell.swift in Sources */ = {isa = PBXBuildFile; fileRef = E74B4A0A20362951000BA062 /* WordTableViewCell.swift */; };
		E750B9A7202415770033AA2B /* ExtraInfo+CoreDataClass.swift in Sources */ = {isa = PBXBuildFile; fileRef = E750B99D202415770033AA2B /* ExtraInfo+CoreDataClass.swift */; };
		E750B9A8202415770033AA2B /* ExtraInfo+CoreDataProperties.swift in Sources */ = {isa = PBXBuildFile; fileRef = E750B99E202415770033AA2B /* ExtraInfo+CoreDataProperties.swift */; };
		E750B9A9202415770033AA2B /* Translation+CoreDataClass.swift in Sources */ = {isa = PBXBuildFile; fileRef = E750B99F202415770033AA2B /* Translation+CoreDataClass.swift */; };
		E750B9AA202415770033AA2B /* Translation+CoreDataProperties.swift in Sources */ = {isa = PBXBuildFile; fileRef = E750B9A0202415770033AA2B /* Translation+CoreDataProperties.swift */; };
		E750B9AB202415770033AA2B /* Synonym+CoreDataClass.swift in Sources */ = {isa = PBXBuildFile; fileRef = E750B9A1202415770033AA2B /* Synonym+CoreDataClass.swift */; };
		E750B9AC202415770033AA2B /* Synonym+CoreDataProperties.swift in Sources */ = {isa = PBXBuildFile; fileRef = E750B9A2202415770033AA2B /* Synonym+CoreDataProperties.swift */; };
		E750B9AD202415770033AA2B /* Definition+CoreDataClass.swift in Sources */ = {isa = PBXBuildFile; fileRef = E750B9A3202415770033AA2B /* Definition+CoreDataClass.swift */; };
		E750B9AE202415770033AA2B /* Definition+CoreDataProperties.swift in Sources */ = {isa = PBXBuildFile; fileRef = E750B9A4202415770033AA2B /* Definition+CoreDataProperties.swift */; };
		E750B9AF202415770033AA2B /* Example+CoreDataClass.swift in Sources */ = {isa = PBXBuildFile; fileRef = E750B9A5202415770033AA2B /* Example+CoreDataClass.swift */; };
		E750B9B0202415770033AA2B /* Example+CoreDataProperties.swift in Sources */ = {isa = PBXBuildFile; fileRef = E750B9A6202415770033AA2B /* Example+CoreDataProperties.swift */; };
		E7591EC32023BE5F00007057 /* WordFieldsTableViewCell.swift in Sources */ = {isa = PBXBuildFile; fileRef = E7591EC22023BE5F00007057 /* WordFieldsTableViewCell.swift */; };
		E77280651FFDDEF6004DC8A3 /* AppDelegate.swift in Sources */ = {isa = PBXBuildFile; fileRef = E77280641FFDDEF6004DC8A3 /* AppDelegate.swift */; };
		E772806A1FFDDEF6004DC8A3 /* Main.storyboard in Resources */ = {isa = PBXBuildFile; fileRef = E77280681FFDDEF6004DC8A3 /* Main.storyboard */; };
		E772806D1FFDDEF6004DC8A3 /* Your_Vocabulary.xcdatamodeld in Sources */ = {isa = PBXBuildFile; fileRef = E772806B1FFDDEF6004DC8A3 /* Your_Vocabulary.xcdatamodeld */; };
		E772806F1FFDDEF6004DC8A3 /* Assets.xcassets in Resources */ = {isa = PBXBuildFile; fileRef = E772806E1FFDDEF6004DC8A3 /* Assets.xcassets */; };
		E77280721FFDDEF6004DC8A3 /* LaunchScreen.storyboard in Resources */ = {isa = PBXBuildFile; fileRef = E77280701FFDDEF6004DC8A3 /* LaunchScreen.storyboard */; };
		E781A5AC204542E3002028D7 /* QuizzesMethods.swift in Sources */ = {isa = PBXBuildFile; fileRef = E781A5AB204542E3002028D7 /* QuizzesMethods.swift */; };
		E785D6D4200C5A0E0068B4CE /* BEMAnimationManager.m in Sources */ = {isa = PBXBuildFile; fileRef = E785D6CD200C5A0E0068B4CE /* BEMAnimationManager.m */; };
		E785D6D5200C5A0E0068B4CE /* BEMPathManager.m in Sources */ = {isa = PBXBuildFile; fileRef = E785D6CE200C5A0E0068B4CE /* BEMPathManager.m */; };
		E785D6D6200C5A0E0068B4CE /* BEMCheckBoxGroup.m in Sources */ = {isa = PBXBuildFile; fileRef = E785D6CF200C5A0E0068B4CE /* BEMCheckBoxGroup.m */; };
		E785D6D7200C5A0E0068B4CE /* BEMCheckBox.m in Sources */ = {isa = PBXBuildFile; fileRef = E785D6D1200C5A0E0068B4CE /* BEMCheckBox.m */; };
		E78E23D2204FA0BA00EE8790 /* Charts.framework in Frameworks */ = {isa = PBXBuildFile; fileRef = E78E23CF204FA0AF00EE8790 /* Charts.framework */; };
		E78E23D3204FA0BA00EE8790 /* Charts.framework in Embed Frameworks */ = {isa = PBXBuildFile; fileRef = E78E23CF204FA0AF00EE8790 /* Charts.framework */; settings = {ATTRIBUTES = (CodeSignOnCopy, RemoveHeadersOnCopy, ); }; };
		E78E23D8205419CD00EE8790 /* StatisticViewController.swift in Sources */ = {isa = PBXBuildFile; fileRef = E78E23D7205419CD00EE8790 /* StatisticViewController.swift */; };
		E78E23DC205633B700EE8790 /* StatisticTableViewCell.swift in Sources */ = {isa = PBXBuildFile; fileRef = E78E23DB205633B700EE8790 /* StatisticTableViewCell.swift */; };
		E7A91669203E19EE006A5CDB /* QuizPropertiesViewController.swift in Sources */ = {isa = PBXBuildFile; fileRef = E7A91668203E19EE006A5CDB /* QuizPropertiesViewController.swift */; };
		E7C55641202524F500CD5C3C /* WordSaveCancelButtonsTableViewCell.swift in Sources */ = {isa = PBXBuildFile; fileRef = E7C55640202524F500CD5C3C /* WordSaveCancelButtonsTableViewCell.swift */; };
		E7C556432025252600CD5C3C /* WordTitleFollowingFieldsCellTableViewCell.swift in Sources */ = {isa = PBXBuildFile; fileRef = E7C556422025252600CD5C3C /* WordTitleFollowingFieldsCellTableViewCell.swift */; };
		E7C556452025255600CD5C3C /* WordAddFieldButtonTableViewCell.swift in Sources */ = {isa = PBXBuildFile; fileRef = E7C556442025255600CD5C3C /* WordAddFieldButtonTableViewCell.swift */; };
		E7C901BE20591A9B0076823C /* SettingsTableViewController.swift in Sources */ = {isa = PBXBuildFile; fileRef = E7C901BD20591A9B0076823C /* SettingsTableViewController.swift */; };
		E7C901C12059279E0076823C /* LanguageTableViewController.swift in Sources */ = {isa = PBXBuildFile; fileRef = E7C901C02059279E0076823C /* LanguageTableViewController.swift */; };
		E7D4344C205D3D3E00287A5F /* InfoPlist.strings in Resources */ = {isa = PBXBuildFile; fileRef = E7D4344E205D3D3E00287A5F /* InfoPlist.strings */; };
		E7D43451205D3D3F00287A5F /* Localizable.strings in Resources */ = {isa = PBXBuildFile; fileRef = E7D43453205D3D3F00287A5F /* Localizable.strings */; };
		E7DC927E20104EC6009D77FE /* DictionaryPropertiesViewController.swift in Sources */ = {isa = PBXBuildFile; fileRef = E7DC927D20104EC6009D77FE /* DictionaryPropertiesViewController.swift */; };
		E7E25E3B203FC7E6009EFE87 /* UIStoryBoardSegueWithCompletion.swift in Sources */ = {isa = PBXBuildFile; fileRef = E7E25E3A203FC7E6009EFE87 /* UIStoryBoardSegueWithCompletion.swift */; };
		E7E25E3D2042B9C3009EFE87 /* QuizMatchingViewController.swift in Sources */ = {isa = PBXBuildFile; fileRef = E7E25E3C2042B9C3009EFE87 /* QuizMatchingViewController.swift */; };
		E7E25E3F2042C0B9009EFE87 /* QuizSpellingViewController.swift in Sources */ = {isa = PBXBuildFile; fileRef = E7E25E3E2042C0B9009EFE87 /* QuizSpellingViewController.swift */; };
		E7E25E412042D78E009EFE87 /* enumerations.swift in Sources */ = {isa = PBXBuildFile; fileRef = E7E25E402042D78E009EFE87 /* enumerations.swift */; };
		E7E312182032A81C00F03FC9 /* QuizSeekingViewController.swift in Sources */ = {isa = PBXBuildFile; fileRef = E7E312172032A81C00F03FC9 /* QuizSeekingViewController.swift */; };
		E7E91B7420032C020066EC13 /* Dictionary+CoreDataClass.swift in Sources */ = {isa = PBXBuildFile; fileRef = E7E91B7220032C020066EC13 /* Dictionary+CoreDataClass.swift */; };
		E7E91B7520032C020066EC13 /* Dictionary+CoreDataProperties.swift in Sources */ = {isa = PBXBuildFile; fileRef = E7E91B7320032C020066EC13 /* Dictionary+CoreDataProperties.swift */; };
		E7E91B7820033C540066EC13 /* Word+CoreDataClass.swift in Sources */ = {isa = PBXBuildFile; fileRef = E7E91B7620033C540066EC13 /* Word+CoreDataClass.swift */; };
		E7E91B7920033C540066EC13 /* Word+CoreDataProperties.swift in Sources */ = {isa = PBXBuildFile; fileRef = E7E91B7720033C540066EC13 /* Word+CoreDataProperties.swift */; };
		E7F04B6B2061252A000AF4BB /* publicDictionaries.swift in Sources */ = {isa = PBXBuildFile; fileRef = E7F04B6A2061252A000AF4BB /* publicDictionaries.swift */; };
/* End PBXBuildFile section */

/* Begin PBXContainerItemProxy section */
		E78E23CE204FA0AF00EE8790 /* PBXContainerItemProxy */ = {
			isa = PBXContainerItemProxy;
			containerPortal = E78E23C9204FA0AF00EE8790 /* Charts.xcodeproj */;
			proxyType = 2;
			remoteGlobalIDString = 65AD9E95D9ED4DC0BD73A743;
			remoteInfo = Charts;
		};
		E78E23D0204FA0AF00EE8790 /* PBXContainerItemProxy */ = {
			isa = PBXContainerItemProxy;
			containerPortal = E78E23C9204FA0AF00EE8790 /* Charts.xcodeproj */;
			proxyType = 2;
			remoteGlobalIDString = 1CBBC58C6CE1EBEE9852CE41;
			remoteInfo = ChartsTests;
		};
		E78E23D4204FA0BA00EE8790 /* PBXContainerItemProxy */ = {
			isa = PBXContainerItemProxy;
			containerPortal = E78E23C9204FA0AF00EE8790 /* Charts.xcodeproj */;
			proxyType = 1;
			remoteGlobalIDString = A58A4ED274A941CA248EA921;
			remoteInfo = Charts;
		};
/* End PBXContainerItemProxy section */

/* Begin PBXCopyFilesBuildPhase section */
		E78D3D13204823DF00ABCCD0 /* Embed Frameworks */ = {
			isa = PBXCopyFilesBuildPhase;
			buildActionMask = 2147483647;
			dstPath = "";
			dstSubfolderSpec = 10;
			files = (
				E78E23D3204FA0BA00EE8790 /* Charts.framework in Embed Frameworks */,
			);
			name = "Embed Frameworks";
			runOnlyForDeploymentPostprocessing = 0;
		};
/* End PBXCopyFilesBuildPhase section */

/* Begin PBXFileReference section */
		E7041E1D202BF069002A5B81 /* QuizzesViewController.swift */ = {isa = PBXFileReference; lastKnownFileType = sourcecode.swift; path = QuizzesViewController.swift; sourceTree = "<group>"; };
		E70793B6203B26C600BF6712 /* Quizzes.storyboard */ = {isa = PBXFileReference; fileEncoding = 4; lastKnownFileType = file.storyboard; path = Quizzes.storyboard; sourceTree = "<group>"; };
		E70793B8203B27AB00BF6712 /* Statistic.storyboard */ = {isa = PBXFileReference; fileEncoding = 4; lastKnownFileType = file.storyboard; path = Statistic.storyboard; sourceTree = "<group>"; };
		E70793BA203B27D600BF6712 /* Settings.storyboard */ = {isa = PBXFileReference; fileEncoding = 4; lastKnownFileType = file.storyboard; path = Settings.storyboard; sourceTree = "<group>"; };
		E70793C7203B301800BF6712 /* TestInfo+CoreDataClass.swift */ = {isa = PBXFileReference; lastKnownFileType = sourcecode.swift; name = "TestInfo+CoreDataClass.swift"; path = "CoreDataObjects/TestInfo+CoreDataClass.swift"; sourceTree = "<group>"; };
		E70793C8203B301800BF6712 /* TestInfo+CoreDataProperties.swift */ = {isa = PBXFileReference; lastKnownFileType = sourcecode.swift; name = "TestInfo+CoreDataProperties.swift"; path = "CoreDataObjects/TestInfo+CoreDataProperties.swift"; sourceTree = "<group>"; };
		E7089B41202BE3F30028272C /* QuizzesCollectionViewCell.swift */ = {isa = PBXFileReference; lastKnownFileType = sourcecode.swift; path = QuizzesCollectionViewCell.swift; sourceTree = "<group>"; };
		E7089B43202BE42A0028272C /* QuizzesCollectionViewController.swift */ = {isa = PBXFileReference; lastKnownFileType = sourcecode.swift; path = QuizzesCollectionViewController.swift; sourceTree = "<group>"; };
		E714DB862033E65E0082024E /* DictionaryTableViewCell.swift */ = {isa = PBXFileReference; lastKnownFileType = sourcecode.swift; path = DictionaryTableViewCell.swift; sourceTree = "<group>"; };
		E72E9DE2200C3300008D16A1 /* DictionariesViewController.swift */ = {isa = PBXFileReference; lastKnownFileType = sourcecode.swift; path = DictionariesViewController.swift; sourceTree = "<group>"; };
		E73171F11FFE56B500615B88 /* WordViewController.swift */ = {isa = PBXFileReference; lastKnownFileType = sourcecode.swift; path = WordViewController.swift; sourceTree = "<group>"; };
		E74B4A0820354285000BA062 /* WordsViewController.swift */ = {isa = PBXFileReference; lastKnownFileType = sourcecode.swift; path = WordsViewController.swift; sourceTree = "<group>"; };
		E74B4A0A20362951000BA062 /* WordTableViewCell.swift */ = {isa = PBXFileReference; lastKnownFileType = sourcecode.swift; path = WordTableViewCell.swift; sourceTree = "<group>"; };
		E750B99D202415770033AA2B /* ExtraInfo+CoreDataClass.swift */ = {isa = PBXFileReference; lastKnownFileType = sourcecode.swift; name = "ExtraInfo+CoreDataClass.swift"; path = "CoreDataObjects/ExtraInfo+CoreDataClass.swift"; sourceTree = "<group>"; };
		E750B99E202415770033AA2B /* ExtraInfo+CoreDataProperties.swift */ = {isa = PBXFileReference; lastKnownFileType = sourcecode.swift; name = "ExtraInfo+CoreDataProperties.swift"; path = "CoreDataObjects/ExtraInfo+CoreDataProperties.swift"; sourceTree = "<group>"; };
		E750B99F202415770033AA2B /* Translation+CoreDataClass.swift */ = {isa = PBXFileReference; lastKnownFileType = sourcecode.swift; name = "Translation+CoreDataClass.swift"; path = "CoreDataObjects/Translation+CoreDataClass.swift"; sourceTree = "<group>"; };
		E750B9A0202415770033AA2B /* Translation+CoreDataProperties.swift */ = {isa = PBXFileReference; lastKnownFileType = sourcecode.swift; name = "Translation+CoreDataProperties.swift"; path = "CoreDataObjects/Translation+CoreDataProperties.swift"; sourceTree = "<group>"; };
		E750B9A1202415770033AA2B /* Synonym+CoreDataClass.swift */ = {isa = PBXFileReference; lastKnownFileType = sourcecode.swift; name = "Synonym+CoreDataClass.swift"; path = "CoreDataObjects/Synonym+CoreDataClass.swift"; sourceTree = "<group>"; };
		E750B9A2202415770033AA2B /* Synonym+CoreDataProperties.swift */ = {isa = PBXFileReference; lastKnownFileType = sourcecode.swift; name = "Synonym+CoreDataProperties.swift"; path = "CoreDataObjects/Synonym+CoreDataProperties.swift"; sourceTree = "<group>"; };
		E750B9A3202415770033AA2B /* Definition+CoreDataClass.swift */ = {isa = PBXFileReference; lastKnownFileType = sourcecode.swift; name = "Definition+CoreDataClass.swift"; path = "CoreDataObjects/Definition+CoreDataClass.swift"; sourceTree = "<group>"; };
		E750B9A4202415770033AA2B /* Definition+CoreDataProperties.swift */ = {isa = PBXFileReference; lastKnownFileType = sourcecode.swift; name = "Definition+CoreDataProperties.swift"; path = "CoreDataObjects/Definition+CoreDataProperties.swift"; sourceTree = "<group>"; };
		E750B9A5202415770033AA2B /* Example+CoreDataClass.swift */ = {isa = PBXFileReference; lastKnownFileType = sourcecode.swift; name = "Example+CoreDataClass.swift"; path = "CoreDataObjects/Example+CoreDataClass.swift"; sourceTree = "<group>"; };
		E750B9A6202415770033AA2B /* Example+CoreDataProperties.swift */ = {isa = PBXFileReference; lastKnownFileType = sourcecode.swift; name = "Example+CoreDataProperties.swift"; path = "CoreDataObjects/Example+CoreDataProperties.swift"; sourceTree = "<group>"; };
		E7591EC22023BE5F00007057 /* WordFieldsTableViewCell.swift */ = {isa = PBXFileReference; lastKnownFileType = sourcecode.swift; path = WordFieldsTableViewCell.swift; sourceTree = "<group>"; };
		E77280611FFDDEF6004DC8A3 /* Your Vocabulary.app */ = {isa = PBXFileReference; explicitFileType = wrapper.application; includeInIndex = 0; path = "Your Vocabulary.app"; sourceTree = BUILT_PRODUCTS_DIR; };
		E77280641FFDDEF6004DC8A3 /* AppDelegate.swift */ = {isa = PBXFileReference; lastKnownFileType = sourcecode.swift; path = AppDelegate.swift; sourceTree = "<group>"; };
		E77280691FFDDEF6004DC8A3 /* Base */ = {isa = PBXFileReference; lastKnownFileType = file.storyboard; name = Base; path = Base.lproj/Main.storyboard; sourceTree = "<group>"; };
		E772806C1FFDDEF6004DC8A3 /* Your_Vocabulary.xcdatamodel */ = {isa = PBXFileReference; lastKnownFileType = wrapper.xcdatamodel; path = Your_Vocabulary.xcdatamodel; sourceTree = "<group>"; };
		E772806E1FFDDEF6004DC8A3 /* Assets.xcassets */ = {isa = PBXFileReference; lastKnownFileType = folder.assetcatalog; path = Assets.xcassets; sourceTree = "<group>"; };
		E77280711FFDDEF6004DC8A3 /* Base */ = {isa = PBXFileReference; lastKnownFileType = file.storyboard; name = Base; path = Base.lproj/LaunchScreen.storyboard; sourceTree = "<group>"; };
		E77280731FFDDEF6004DC8A3 /* Info.plist */ = {isa = PBXFileReference; lastKnownFileType = text.plist.xml; path = Info.plist; sourceTree = "<group>"; };
		E781A5AB204542E3002028D7 /* QuizzesMethods.swift */ = {isa = PBXFileReference; lastKnownFileType = sourcecode.swift; path = QuizzesMethods.swift; sourceTree = "<group>"; };
		E785D6CC200C5A0E0068B4CE /* BEMCheckBox.h */ = {isa = PBXFileReference; fileEncoding = 4; lastKnownFileType = sourcecode.c.h; path = BEMCheckBox.h; sourceTree = "<group>"; };
		E785D6CD200C5A0E0068B4CE /* BEMAnimationManager.m */ = {isa = PBXFileReference; fileEncoding = 4; lastKnownFileType = sourcecode.c.objc; path = BEMAnimationManager.m; sourceTree = "<group>"; };
		E785D6CE200C5A0E0068B4CE /* BEMPathManager.m */ = {isa = PBXFileReference; fileEncoding = 4; lastKnownFileType = sourcecode.c.objc; path = BEMPathManager.m; sourceTree = "<group>"; };
		E785D6CF200C5A0E0068B4CE /* BEMCheckBoxGroup.m */ = {isa = PBXFileReference; fileEncoding = 4; lastKnownFileType = sourcecode.c.objc; path = BEMCheckBoxGroup.m; sourceTree = "<group>"; };
		E785D6D0200C5A0E0068B4CE /* BEMAnimationManager.h */ = {isa = PBXFileReference; fileEncoding = 4; lastKnownFileType = sourcecode.c.h; path = BEMAnimationManager.h; sourceTree = "<group>"; };
		E785D6D1200C5A0E0068B4CE /* BEMCheckBox.m */ = {isa = PBXFileReference; fileEncoding = 4; lastKnownFileType = sourcecode.c.objc; path = BEMCheckBox.m; sourceTree = "<group>"; };
		E785D6D2200C5A0E0068B4CE /* BEMPathManager.h */ = {isa = PBXFileReference; fileEncoding = 4; lastKnownFileType = sourcecode.c.h; path = BEMPathManager.h; sourceTree = "<group>"; };
		E785D6D3200C5A0E0068B4CE /* BEMCheckBoxGroup.h */ = {isa = PBXFileReference; fileEncoding = 4; lastKnownFileType = sourcecode.c.h; path = BEMCheckBoxGroup.h; sourceTree = "<group>"; };
		E78E23C9204FA0AF00EE8790 /* Charts.xcodeproj */ = {isa = PBXFileReference; lastKnownFileType = "wrapper.pb-project"; name = Charts.xcodeproj; path = "../../frameworks/Charts-master/Charts.xcodeproj"; sourceTree = "<group>"; };
		E78E23D7205419CD00EE8790 /* StatisticViewController.swift */ = {isa = PBXFileReference; lastKnownFileType = sourcecode.swift; path = StatisticViewController.swift; sourceTree = "<group>"; };
		E78E23DB205633B700EE8790 /* StatisticTableViewCell.swift */ = {isa = PBXFileReference; lastKnownFileType = sourcecode.swift; path = StatisticTableViewCell.swift; sourceTree = "<group>"; };
		E7A91668203E19EE006A5CDB /* QuizPropertiesViewController.swift */ = {isa = PBXFileReference; lastKnownFileType = sourcecode.swift; path = QuizPropertiesViewController.swift; sourceTree = "<group>"; };
		E7C55640202524F500CD5C3C /* WordSaveCancelButtonsTableViewCell.swift */ = {isa = PBXFileReference; lastKnownFileType = sourcecode.swift; path = WordSaveCancelButtonsTableViewCell.swift; sourceTree = "<group>"; };
		E7C556422025252600CD5C3C /* WordTitleFollowingFieldsCellTableViewCell.swift */ = {isa = PBXFileReference; lastKnownFileType = sourcecode.swift; path = WordTitleFollowingFieldsCellTableViewCell.swift; sourceTree = "<group>"; };
		E7C556442025255600CD5C3C /* WordAddFieldButtonTableViewCell.swift */ = {isa = PBXFileReference; lastKnownFileType = sourcecode.swift; path = WordAddFieldButtonTableViewCell.swift; sourceTree = "<group>"; };
		E7C901BD20591A9B0076823C /* SettingsTableViewController.swift */ = {isa = PBXFileReference; lastKnownFileType = sourcecode.swift; path = SettingsTableViewController.swift; sourceTree = "<group>"; };
		E7C901C02059279E0076823C /* LanguageTableViewController.swift */ = {isa = PBXFileReference; lastKnownFileType = sourcecode.swift; path = LanguageTableViewController.swift; sourceTree = "<group>"; };
		E7D43447205D327400287A5F /* ru */ = {isa = PBXFileReference; lastKnownFileType = text.plist.strings; name = ru; path = ru.lproj/Main.strings; sourceTree = "<group>"; };
		E7D43449205D327400287A5F /* ru */ = {isa = PBXFileReference; lastKnownFileType = text.plist.strings; name = ru; path = ru.lproj/LaunchScreen.strings; sourceTree = "<group>"; };
		E7D4344D205D3D3E00287A5F /* ru */ = {isa = PBXFileReference; lastKnownFileType = text.plist.strings; name = ru; path = ru.lproj/InfoPlist.strings; sourceTree = "<group>"; };
		E7D43452205D3D3F00287A5F /* ru */ = {isa = PBXFileReference; lastKnownFileType = text.plist.strings; name = ru; path = ru.lproj/Localizable.strings; sourceTree = "<group>"; };
		E7DC927C20101FD1009D77FE /* ObjectCBridgeHeader.h */ = {isa = PBXFileReference; lastKnownFileType = sourcecode.c.h; path = ObjectCBridgeHeader.h; sourceTree = "<group>"; };
		E7DC927D20104EC6009D77FE /* DictionaryPropertiesViewController.swift */ = {isa = PBXFileReference; lastKnownFileType = sourcecode.swift; path = DictionaryPropertiesViewController.swift; sourceTree = "<group>"; };
		E7E25E3A203FC7E6009EFE87 /* UIStoryBoardSegueWithCompletion.swift */ = {isa = PBXFileReference; lastKnownFileType = sourcecode.swift; path = UIStoryBoardSegueWithCompletion.swift; sourceTree = "<group>"; };
		E7E25E3C2042B9C3009EFE87 /* QuizMatchingViewController.swift */ = {isa = PBXFileReference; lastKnownFileType = sourcecode.swift; path = QuizMatchingViewController.swift; sourceTree = "<group>"; };
		E7E25E3E2042C0B9009EFE87 /* QuizSpellingViewController.swift */ = {isa = PBXFileReference; lastKnownFileType = sourcecode.swift; path = QuizSpellingViewController.swift; sourceTree = "<group>"; };
		E7E25E402042D78E009EFE87 /* enumerations.swift */ = {isa = PBXFileReference; lastKnownFileType = sourcecode.swift; path = enumerations.swift; sourceTree = "<group>"; };
		E7E312172032A81C00F03FC9 /* QuizSeekingViewController.swift */ = {isa = PBXFileReference; lastKnownFileType = sourcecode.swift; path = QuizSeekingViewController.swift; sourceTree = "<group>"; };
		E7E91B7220032C020066EC13 /* Dictionary+CoreDataClass.swift */ = {isa = PBXFileReference; lastKnownFileType = sourcecode.swift; name = "Dictionary+CoreDataClass.swift"; path = "CoreDataObjects/Dictionary+CoreDataClass.swift"; sourceTree = "<group>"; };
		E7E91B7320032C020066EC13 /* Dictionary+CoreDataProperties.swift */ = {isa = PBXFileReference; lastKnownFileType = sourcecode.swift; name = "Dictionary+CoreDataProperties.swift"; path = "CoreDataObjects/Dictionary+CoreDataProperties.swift"; sourceTree = "<group>"; };
		E7E91B7620033C540066EC13 /* Word+CoreDataClass.swift */ = {isa = PBXFileReference; lastKnownFileType = sourcecode.swift; name = "Word+CoreDataClass.swift"; path = "CoreDataObjects/Word+CoreDataClass.swift"; sourceTree = "<group>"; };
		E7E91B7720033C540066EC13 /* Word+CoreDataProperties.swift */ = {isa = PBXFileReference; lastKnownFileType = sourcecode.swift; name = "Word+CoreDataProperties.swift"; path = "CoreDataObjects/Word+CoreDataProperties.swift"; sourceTree = "<group>"; };
		E7F04B6A2061252A000AF4BB /* publicDictionaries.swift */ = {isa = PBXFileReference; lastKnownFileType = sourcecode.swift; path = publicDictionaries.swift; sourceTree = "<group>"; };
/* End PBXFileReference section */

/* Begin PBXFrameworksBuildPhase section */
		E772805E1FFDDEF6004DC8A3 /* Frameworks */ = {
			isa = PBXFrameworksBuildPhase;
			buildActionMask = 2147483647;
			files = (
				E78E23D2204FA0BA00EE8790 /* Charts.framework in Frameworks */,
			);
			runOnlyForDeploymentPostprocessing = 0;
		};
/* End PBXFrameworksBuildPhase section */

/* Begin PBXGroup section */
		E70793C4203B2D1D00BF6712 /* Views */ = {
			isa = PBXGroup;
			children = (
				E70793BA203B27D600BF6712 /* Settings.storyboard */,
				E70793B8203B27AB00BF6712 /* Statistic.storyboard */,
				E70793B6203B26C600BF6712 /* Quizzes.storyboard */,
				E77280681FFDDEF6004DC8A3 /* Main.storyboard */,
				E77280701FFDDEF6004DC8A3 /* LaunchScreen.storyboard */,
			);
			path = Views;
			sourceTree = "<group>";
		};
		E74B4A0D20362CF8000BA062 /* Quiezzes Controllers */ = {
			isa = PBXGroup;
			children = (
				E7E25E3E2042C0B9009EFE87 /* QuizSpellingViewController.swift */,
				E7E25E3C2042B9C3009EFE87 /* QuizMatchingViewController.swift */,
				E7A91668203E19EE006A5CDB /* QuizPropertiesViewController.swift */,
				E7E312172032A81C00F03FC9 /* QuizSeekingViewController.swift */,
				E7041E1D202BF069002A5B81 /* QuizzesViewController.swift */,
				E7089B41202BE3F30028272C /* QuizzesCollectionViewCell.swift */,
				E7089B43202BE42A0028272C /* QuizzesCollectionViewController.swift */,
			);
			path = "Quiezzes Controllers";
			sourceTree = "<group>";
		};
		E74B4A0E20362D81000BA062 /* Words Table controllers */ = {
			isa = PBXGroup;
			children = (
				E74B4A0820354285000BA062 /* WordsViewController.swift */,
				E74B4A0A20362951000BA062 /* WordTableViewCell.swift */,
			);
			path = "Words Table controllers";
			sourceTree = "<group>";
		};
		E74B4A0F20362EB4000BA062 /* Dictionaries view controllers */ = {
			isa = PBXGroup;
			children = (
				E7DC927D20104EC6009D77FE /* DictionaryPropertiesViewController.swift */,
				E72E9DE2200C3300008D16A1 /* DictionariesViewController.swift */,
				E714DB862033E65E0082024E /* DictionaryTableViewCell.swift */,
			);
			path = "Dictionaries view controllers";
			sourceTree = "<group>";
		};
		E77280581FFDDEF6004DC8A3 = {
			isa = PBXGroup;
			children = (
				E7DC927C20101FD1009D77FE /* ObjectCBridgeHeader.h */,
				E78E23C9204FA0AF00EE8790 /* Charts.xcodeproj */,
				E77280631FFDDEF6004DC8A3 /* Your Vocabulary */,
				E77280621FFDDEF6004DC8A3 /* Products */,
			);
			sourceTree = "<group>";
		};
		E77280621FFDDEF6004DC8A3 /* Products */ = {
			isa = PBXGroup;
			children = (
				E77280611FFDDEF6004DC8A3 /* Your Vocabulary.app */,
			);
			name = Products;
			sourceTree = "<group>";
		};
		E77280631FFDDEF6004DC8A3 /* Your Vocabulary */ = {
			isa = PBXGroup;
			children = (
				E7F04B6A2061252A000AF4BB /* publicDictionaries.swift */,
				E7D43453205D3D3F00287A5F /* Localizable.strings */,
				E7D4344E205D3D3E00287A5F /* InfoPlist.strings */,
				E7E25E402042D78E009EFE87 /* enumerations.swift */,
				E785D6CB200C5A0E0068B4CE /* Classes */,
				E772807C1FFDE699004DC8A3 /* Model */,
				E70793C4203B2D1D00BF6712 /* Views */,
				E77280791FFDE0D6004DC8A3 /* Controlers */,
				E77280641FFDDEF6004DC8A3 /* AppDelegate.swift */,
				E772806E1FFDDEF6004DC8A3 /* Assets.xcassets */,
				E77280731FFDDEF6004DC8A3 /* Info.plist */,
				E772806B1FFDDEF6004DC8A3 /* Your_Vocabulary.xcdatamodeld */,
			);
			path = "Your Vocabulary";
			sourceTree = "<group>";
		};
		E77280791FFDE0D6004DC8A3 /* Controlers */ = {
			isa = PBXGroup;
			children = (
				E7C901C02059279E0076823C /* LanguageTableViewController.swift */,
				E7C901BD20591A9B0076823C /* SettingsTableViewController.swift */,
				E781A5AB204542E3002028D7 /* QuizzesMethods.swift */,
				E7E25E3A203FC7E6009EFE87 /* UIStoryBoardSegueWithCompletion.swift */,
				E74B4A0D20362CF8000BA062 /* Quiezzes Controllers */,
				E7C5563D2025247D00CD5C3C /* Word Controllers */,
				E74B4A0F20362EB4000BA062 /* Dictionaries view controllers */,
				E74B4A0E20362D81000BA062 /* Words Table controllers */,
				E78E23D7205419CD00EE8790 /* StatisticViewController.swift */,
				E78E23DB205633B700EE8790 /* StatisticTableViewCell.swift */,
			);
			path = Controlers;
			sourceTree = "<group>";
		};
		E772807C1FFDE699004DC8A3 /* Model */ = {
			isa = PBXGroup;
			children = (
				E70793C7203B301800BF6712 /* TestInfo+CoreDataClass.swift */,
				E70793C8203B301800BF6712 /* TestInfo+CoreDataProperties.swift */,
				E750B99D202415770033AA2B /* ExtraInfo+CoreDataClass.swift */,
				E750B99E202415770033AA2B /* ExtraInfo+CoreDataProperties.swift */,
				E750B99F202415770033AA2B /* Translation+CoreDataClass.swift */,
				E750B9A0202415770033AA2B /* Translation+CoreDataProperties.swift */,
				E750B9A1202415770033AA2B /* Synonym+CoreDataClass.swift */,
				E750B9A2202415770033AA2B /* Synonym+CoreDataProperties.swift */,
				E750B9A3202415770033AA2B /* Definition+CoreDataClass.swift */,
				E750B9A4202415770033AA2B /* Definition+CoreDataProperties.swift */,
				E750B9A5202415770033AA2B /* Example+CoreDataClass.swift */,
				E750B9A6202415770033AA2B /* Example+CoreDataProperties.swift */,
				E7E91B7620033C540066EC13 /* Word+CoreDataClass.swift */,
				E7E91B7720033C540066EC13 /* Word+CoreDataProperties.swift */,
				E7E91B7220032C020066EC13 /* Dictionary+CoreDataClass.swift */,
				E7E91B7320032C020066EC13 /* Dictionary+CoreDataProperties.swift */,
			);
			path = Model;
			sourceTree = "<group>";
		};
		E785D6CB200C5A0E0068B4CE /* Classes */ = {
			isa = PBXGroup;
			children = (
				E785D6CC200C5A0E0068B4CE /* BEMCheckBox.h */,
				E785D6CD200C5A0E0068B4CE /* BEMAnimationManager.m */,
				E785D6CE200C5A0E0068B4CE /* BEMPathManager.m */,
				E785D6CF200C5A0E0068B4CE /* BEMCheckBoxGroup.m */,
				E785D6D0200C5A0E0068B4CE /* BEMAnimationManager.h */,
				E785D6D1200C5A0E0068B4CE /* BEMCheckBox.m */,
				E785D6D2200C5A0E0068B4CE /* BEMPathManager.h */,
				E785D6D3200C5A0E0068B4CE /* BEMCheckBoxGroup.h */,
			);
			path = Classes;
			sourceTree = "<group>";
		};
		E78E23CA204FA0AF00EE8790 /* Products */ = {
			isa = PBXGroup;
			children = (
				E78E23CF204FA0AF00EE8790 /* Charts.framework */,
				E78E23D1204FA0AF00EE8790 /* ChartsTests.xctest */,
			);
			name = Products;
			sourceTree = "<group>";
		};
		E7C5563D2025247D00CD5C3C /* Word Controllers */ = {
			isa = PBXGroup;
			children = (
				E7591EC22023BE5F00007057 /* WordFieldsTableViewCell.swift */,
				E73171F11FFE56B500615B88 /* WordViewController.swift */,
				E7C55640202524F500CD5C3C /* WordSaveCancelButtonsTableViewCell.swift */,
				E7C556422025252600CD5C3C /* WordTitleFollowingFieldsCellTableViewCell.swift */,
				E7C556442025255600CD5C3C /* WordAddFieldButtonTableViewCell.swift */,
			);
			path = "Word Controllers";
			sourceTree = "<group>";
		};
/* End PBXGroup section */

/* Begin PBXNativeTarget section */
		E77280601FFDDEF6004DC8A3 /* Your Vocabulary */ = {
			isa = PBXNativeTarget;
			buildConfigurationList = E77280761FFDDEF6004DC8A3 /* Build configuration list for PBXNativeTarget "Your Vocabulary" */;
			buildPhases = (
				E772805D1FFDDEF6004DC8A3 /* Sources */,
				E772805E1FFDDEF6004DC8A3 /* Frameworks */,
				E772805F1FFDDEF6004DC8A3 /* Resources */,
				E78D3D13204823DF00ABCCD0 /* Embed Frameworks */,
			);
			buildRules = (
			);
			dependencies = (
				E78E23D5204FA0BA00EE8790 /* PBXTargetDependency */,
			);
			name = "Your Vocabulary";
			productName = "Your Vocabulary";
			productReference = E77280611FFDDEF6004DC8A3 /* Your Vocabulary.app */;
			productType = "com.apple.product-type.application";
		};
/* End PBXNativeTarget section */

/* Begin PBXProject section */
		E77280591FFDDEF6004DC8A3 /* Project object */ = {
			isa = PBXProject;
			attributes = {
				LastSwiftUpdateCheck = 0910;
				LastUpgradeCheck = 0910;
				ORGANIZATIONNAME = "Dmitrii Semykin";
				TargetAttributes = {
					E77280601FFDDEF6004DC8A3 = {
						CreatedOnToolsVersion = 9.1;
						ProvisioningStyle = Automatic;
					};
				};
			};
			buildConfigurationList = E772805C1FFDDEF6004DC8A3 /* Build configuration list for PBXProject "Your Vocabulary" */;
			compatibilityVersion = "Xcode 8.0";
			developmentRegion = en;
			hasScannedForEncodings = 0;
			knownRegions = (
				en,
				Base,
			);
			mainGroup = E77280581FFDDEF6004DC8A3;
			productRefGroup = E77280621FFDDEF6004DC8A3 /* Products */;
			projectDirPath = "";
			projectReferences = (
				{
					ProductGroup = E78E23CA204FA0AF00EE8790 /* Products */;
					ProjectRef = E78E23C9204FA0AF00EE8790 /* Charts.xcodeproj */;
				},
			);
			projectRoot = "";
			targets = (
				E77280601FFDDEF6004DC8A3 /* Your Vocabulary */,
			);
		};
/* End PBXProject section */

/* Begin PBXReferenceProxy section */
		E78E23CF204FA0AF00EE8790 /* Charts.framework */ = {
			isa = PBXReferenceProxy;
			fileType = wrapper.framework;
			path = Charts.framework;
			remoteRef = E78E23CE204FA0AF00EE8790 /* PBXContainerItemProxy */;
			sourceTree = BUILT_PRODUCTS_DIR;
		};
		E78E23D1204FA0AF00EE8790 /* ChartsTests.xctest */ = {
			isa = PBXReferenceProxy;
			fileType = wrapper.cfbundle;
			path = ChartsTests.xctest;
			remoteRef = E78E23D0204FA0AF00EE8790 /* PBXContainerItemProxy */;
			sourceTree = BUILT_PRODUCTS_DIR;
		};
/* End PBXReferenceProxy section */

/* Begin PBXResourcesBuildPhase section */
		E772805F1FFDDEF6004DC8A3 /* Resources */ = {
			isa = PBXResourcesBuildPhase;
			buildActionMask = 2147483647;
			files = (
				E70793B7203B26C600BF6712 /* Quizzes.storyboard in Resources */,
				E7D4344C205D3D3E00287A5F /* InfoPlist.strings in Resources */,
				E70793B9203B27AB00BF6712 /* Statistic.storyboard in Resources */,
				E77280721FFDDEF6004DC8A3 /* LaunchScreen.storyboard in Resources */,
				E70793BB203B27D600BF6712 /* Settings.storyboard in Resources */,
				E7D43451205D3D3F00287A5F /* Localizable.strings in Resources */,
				E772806F1FFDDEF6004DC8A3 /* Assets.xcassets in Resources */,
				E772806A1FFDDEF6004DC8A3 /* Main.storyboard in Resources */,
			);
			runOnlyForDeploymentPostprocessing = 0;
		};
/* End PBXResourcesBuildPhase section */

/* Begin PBXSourcesBuildPhase section */
		E772805D1FFDDEF6004DC8A3 /* Sources */ = {
			isa = PBXSourcesBuildPhase;
			buildActionMask = 2147483647;
			files = (
				E7089B44202BE42A0028272C /* QuizzesCollectionViewController.swift in Sources */,
				E750B9AA202415770033AA2B /* Translation+CoreDataProperties.swift in Sources */,
				E7F04B6B2061252A000AF4BB /* publicDictionaries.swift in Sources */,
				E785D6D4200C5A0E0068B4CE /* BEMAnimationManager.m in Sources */,
				E7C556432025252600CD5C3C /* WordTitleFollowingFieldsCellTableViewCell.swift in Sources */,
				E7E25E3B203FC7E6009EFE87 /* UIStoryBoardSegueWithCompletion.swift in Sources */,
				E7E25E3D2042B9C3009EFE87 /* QuizMatchingViewController.swift in Sources */,
				E74B4A0B20362951000BA062 /* WordTableViewCell.swift in Sources */,
				E74B4A0920354285000BA062 /* WordsViewController.swift in Sources */,
				E78E23D8205419CD00EE8790 /* StatisticViewController.swift in Sources */,
				E785D6D7200C5A0E0068B4CE /* BEMCheckBox.m in Sources */,
				E7041E1E202BF069002A5B81 /* QuizzesViewController.swift in Sources */,
				E7591EC32023BE5F00007057 /* WordFieldsTableViewCell.swift in Sources */,
				E750B9AC202415770033AA2B /* Synonym+CoreDataProperties.swift in Sources */,
				E7E312182032A81C00F03FC9 /* QuizSeekingViewController.swift in Sources */,
				E78E23DC205633B700EE8790 /* StatisticTableViewCell.swift in Sources */,
				E7E91B7420032C020066EC13 /* Dictionary+CoreDataClass.swift in Sources */,
				E781A5AC204542E3002028D7 /* QuizzesMethods.swift in Sources */,
				E750B9AF202415770033AA2B /* Example+CoreDataClass.swift in Sources */,
				E714DB872033E65E0082024E /* DictionaryTableViewCell.swift in Sources */,
				E7C556452025255600CD5C3C /* WordAddFieldButtonTableViewCell.swift in Sources */,
				E772806D1FFDDEF6004DC8A3 /* Your_Vocabulary.xcdatamodeld in Sources */,
				E7E91B7920033C540066EC13 /* Word+CoreDataProperties.swift in Sources */,
				E7A91669203E19EE006A5CDB /* QuizPropertiesViewController.swift in Sources */,
				E73171F21FFE56B500615B88 /* WordViewController.swift in Sources */,
				E72E9DE3200C3300008D16A1 /* DictionariesViewController.swift in Sources */,
				E7DC927E20104EC6009D77FE /* DictionaryPropertiesViewController.swift in Sources */,
				E7C901BE20591A9B0076823C /* SettingsTableViewController.swift in Sources */,
				E7E91B7820033C540066EC13 /* Word+CoreDataClass.swift in Sources */,
				E70793CA203B301800BF6712 /* TestInfo+CoreDataProperties.swift in Sources */,
				E750B9A8202415770033AA2B /* ExtraInfo+CoreDataProperties.swift in Sources */,
				E7E25E3F2042C0B9009EFE87 /* QuizSpellingViewController.swift in Sources */,
				E70793C9203B301800BF6712 /* TestInfo+CoreDataClass.swift in Sources */,
				E7089B42202BE3F30028272C /* QuizzesCollectionViewCell.swift in Sources */,
				E785D6D6200C5A0E0068B4CE /* BEMCheckBoxGroup.m in Sources */,
				E750B9AD202415770033AA2B /* Definition+CoreDataClass.swift in Sources */,
				E750B9AE202415770033AA2B /* Definition+CoreDataProperties.swift in Sources */,
				E785D6D5200C5A0E0068B4CE /* BEMPathManager.m in Sources */,
				E750B9A7202415770033AA2B /* ExtraInfo+CoreDataClass.swift in Sources */,
				E750B9AB202415770033AA2B /* Synonym+CoreDataClass.swift in Sources */,
				E750B9B0202415770033AA2B /* Example+CoreDataProperties.swift in Sources */,
				E77280651FFDDEF6004DC8A3 /* AppDelegate.swift in Sources */,
				E7E25E412042D78E009EFE87 /* enumerations.swift in Sources */,
				E7E91B7520032C020066EC13 /* Dictionary+CoreDataProperties.swift in Sources */,
				E7C55641202524F500CD5C3C /* WordSaveCancelButtonsTableViewCell.swift in Sources */,
				E750B9A9202415770033AA2B /* Translation+CoreDataClass.swift in Sources */,
				E7C901C12059279E0076823C /* LanguageTableViewController.swift in Sources */,
			);
			runOnlyForDeploymentPostprocessing = 0;
		};
/* End PBXSourcesBuildPhase section */

/* Begin PBXTargetDependency section */
		E78E23D5204FA0BA00EE8790 /* PBXTargetDependency */ = {
			isa = PBXTargetDependency;
			name = Charts;
			targetProxy = E78E23D4204FA0BA00EE8790 /* PBXContainerItemProxy */;
		};
/* End PBXTargetDependency section */

/* Begin PBXVariantGroup section */
		E77280681FFDDEF6004DC8A3 /* Main.storyboard */ = {
			isa = PBXVariantGroup;
			children = (
				E77280691FFDDEF6004DC8A3 /* Base */,
				E7D43447205D327400287A5F /* ru */,
			);
			name = Main.storyboard;
			sourceTree = "<group>";
		};
		E77280701FFDDEF6004DC8A3 /* LaunchScreen.storyboard */ = {
			isa = PBXVariantGroup;
			children = (
				E77280711FFDDEF6004DC8A3 /* Base */,
				E7D43449205D327400287A5F /* ru */,
			);
			name = LaunchScreen.storyboard;
			sourceTree = "<group>";
		};
		E7D4344E205D3D3E00287A5F /* InfoPlist.strings */ = {
			isa = PBXVariantGroup;
			children = (
				E7D4344D205D3D3E00287A5F /* ru */,
			);
			name = InfoPlist.strings;
			sourceTree = "<group>";
		};
		E7D43453205D3D3F00287A5F /* Localizable.strings */ = {
			isa = PBXVariantGroup;
			children = (
				E7D43452205D3D3F00287A5F /* ru */,
			);
			name = Localizable.strings;
			sourceTree = "<group>";
		};
/* End PBXVariantGroup section */

/* Begin XCBuildConfiguration section */
		E77280741FFDDEF6004DC8A3 /* Debug */ = {
			isa = XCBuildConfiguration;
			buildSettings = {
				ALWAYS_SEARCH_USER_PATHS = NO;
				CLANG_ANALYZER_LOCALIZABILITY_NONLOCALIZED = YES;
				CLANG_ANALYZER_NONNULL = YES;
				CLANG_ANALYZER_NUMBER_OBJECT_CONVERSION = YES_AGGRESSIVE;
				CLANG_CXX_LANGUAGE_STANDARD = "gnu++14";
				CLANG_CXX_LIBRARY = "libc++";
				CLANG_ENABLE_MODULES = YES;
				CLANG_ENABLE_OBJC_ARC = YES;
				CLANG_WARN_BLOCK_CAPTURE_AUTORELEASING = YES;
				CLANG_WARN_BOOL_CONVERSION = YES;
				CLANG_WARN_COMMA = YES;
				CLANG_WARN_CONSTANT_CONVERSION = YES;
				CLANG_WARN_DIRECT_OBJC_ISA_USAGE = YES_ERROR;
				CLANG_WARN_DOCUMENTATION_COMMENTS = YES;
				CLANG_WARN_EMPTY_BODY = YES;
				CLANG_WARN_ENUM_CONVERSION = YES;
				CLANG_WARN_INFINITE_RECURSION = YES;
				CLANG_WARN_INT_CONVERSION = YES;
				CLANG_WARN_NON_LITERAL_NULL_CONVERSION = YES;
				CLANG_WARN_OBJC_LITERAL_CONVERSION = YES;
				CLANG_WARN_OBJC_ROOT_CLASS = YES_ERROR;
				CLANG_WARN_RANGE_LOOP_ANALYSIS = YES;
				CLANG_WARN_STRICT_PROTOTYPES = YES;
				CLANG_WARN_SUSPICIOUS_MOVE = YES;
				CLANG_WARN_UNGUARDED_AVAILABILITY = YES_AGGRESSIVE;
				CLANG_WARN_UNREACHABLE_CODE = YES;
				CLANG_WARN__DUPLICATE_METHOD_MATCH = YES;
				CODE_SIGN_IDENTITY = "iPhone Developer";
				COPY_PHASE_STRIP = NO;
				DEBUG_INFORMATION_FORMAT = dwarf;
				ENABLE_STRICT_OBJC_MSGSEND = YES;
				ENABLE_TESTABILITY = YES;
				GCC_C_LANGUAGE_STANDARD = gnu11;
				GCC_DYNAMIC_NO_PIC = NO;
				GCC_NO_COMMON_BLOCKS = YES;
				GCC_OPTIMIZATION_LEVEL = 0;
				GCC_PREPROCESSOR_DEFINITIONS = (
					"DEBUG=1",
					"$(inherited)",
				);
				GCC_WARN_64_TO_32_BIT_CONVERSION = YES;
				GCC_WARN_ABOUT_RETURN_TYPE = YES_ERROR;
				GCC_WARN_UNDECLARED_SELECTOR = YES;
				GCC_WARN_UNINITIALIZED_AUTOS = YES_AGGRESSIVE;
				GCC_WARN_UNUSED_FUNCTION = YES;
				GCC_WARN_UNUSED_VARIABLE = YES;
				IPHONEOS_DEPLOYMENT_TARGET = 11.1;
				MTL_ENABLE_DEBUG_INFO = YES;
				ONLY_ACTIVE_ARCH = YES;
				SDKROOT = iphoneos;
				SWIFT_ACTIVE_COMPILATION_CONDITIONS = DEBUG;
				SWIFT_OPTIMIZATION_LEVEL = "-Onone";
			};
			name = Debug;
		};
		E77280751FFDDEF6004DC8A3 /* Release */ = {
			isa = XCBuildConfiguration;
			buildSettings = {
				ALWAYS_SEARCH_USER_PATHS = NO;
				CLANG_ANALYZER_LOCALIZABILITY_NONLOCALIZED = YES;
				CLANG_ANALYZER_NONNULL = YES;
				CLANG_ANALYZER_NUMBER_OBJECT_CONVERSION = YES_AGGRESSIVE;
				CLANG_CXX_LANGUAGE_STANDARD = "gnu++14";
				CLANG_CXX_LIBRARY = "libc++";
				CLANG_ENABLE_MODULES = YES;
				CLANG_ENABLE_OBJC_ARC = YES;
				CLANG_WARN_BLOCK_CAPTURE_AUTORELEASING = YES;
				CLANG_WARN_BOOL_CONVERSION = YES;
				CLANG_WARN_COMMA = YES;
				CLANG_WARN_CONSTANT_CONVERSION = YES;
				CLANG_WARN_DIRECT_OBJC_ISA_USAGE = YES_ERROR;
				CLANG_WARN_DOCUMENTATION_COMMENTS = YES;
				CLANG_WARN_EMPTY_BODY = YES;
				CLANG_WARN_ENUM_CONVERSION = YES;
				CLANG_WARN_INFINITE_RECURSION = YES;
				CLANG_WARN_INT_CONVERSION = YES;
				CLANG_WARN_NON_LITERAL_NULL_CONVERSION = YES;
				CLANG_WARN_OBJC_LITERAL_CONVERSION = YES;
				CLANG_WARN_OBJC_ROOT_CLASS = YES_ERROR;
				CLANG_WARN_RANGE_LOOP_ANALYSIS = YES;
				CLANG_WARN_STRICT_PROTOTYPES = YES;
				CLANG_WARN_SUSPICIOUS_MOVE = YES;
				CLANG_WARN_UNGUARDED_AVAILABILITY = YES_AGGRESSIVE;
				CLANG_WARN_UNREACHABLE_CODE = YES;
				CLANG_WARN__DUPLICATE_METHOD_MATCH = YES;
				CODE_SIGN_IDENTITY = "iPhone Developer";
				COPY_PHASE_STRIP = NO;
				DEBUG_INFORMATION_FORMAT = "dwarf-with-dsym";
				ENABLE_NS_ASSERTIONS = NO;
				ENABLE_STRICT_OBJC_MSGSEND = YES;
				GCC_C_LANGUAGE_STANDARD = gnu11;
				GCC_NO_COMMON_BLOCKS = YES;
				GCC_WARN_64_TO_32_BIT_CONVERSION = YES;
				GCC_WARN_ABOUT_RETURN_TYPE = YES_ERROR;
				GCC_WARN_UNDECLARED_SELECTOR = YES;
				GCC_WARN_UNINITIALIZED_AUTOS = YES_AGGRESSIVE;
				GCC_WARN_UNUSED_FUNCTION = YES;
				GCC_WARN_UNUSED_VARIABLE = YES;
				IPHONEOS_DEPLOYMENT_TARGET = 11.1;
				MTL_ENABLE_DEBUG_INFO = NO;
				SDKROOT = iphoneos;
				SWIFT_OPTIMIZATION_LEVEL = "-Owholemodule";
				VALIDATE_PRODUCT = YES;
			};
			name = Release;
		};
		E77280771FFDDEF6004DC8A3 /* Debug */ = {
			isa = XCBuildConfiguration;
			buildSettings = {
				ALWAYS_EMBED_SWIFT_STANDARD_LIBRARIES = YES;
				ASSETCATALOG_COMPILER_APPICON_NAME = AppIcon;
				CODE_SIGN_STYLE = Automatic;
				DEVELOPMENT_TEAM = QJEPU8BE9Z;
				INFOPLIST_FILE = "Your Vocabulary/Info.plist";
				IPHONEOS_DEPLOYMENT_TARGET = 11.0;
				LD_RUNPATH_SEARCH_PATHS = "$(inherited) @executable_path/Frameworks";
				PRODUCT_BUNDLE_IDENTIFIER = "DmitriiSemykin.Your-Vocabulary";
				PRODUCT_NAME = "$(TARGET_NAME)";
				SWIFT_OBJC_BRIDGING_HEADER = ObjectCBridgeHeader.h;
				SWIFT_VERSION = 4.0;
				TARGETED_DEVICE_FAMILY = "1,2";
			};
			name = Debug;
		};
		E77280781FFDDEF6004DC8A3 /* Release */ = {
			isa = XCBuildConfiguration;
			buildSettings = {
				ALWAYS_EMBED_SWIFT_STANDARD_LIBRARIES = YES;
				ASSETCATALOG_COMPILER_APPICON_NAME = AppIcon;
				CODE_SIGN_STYLE = Automatic;
				DEVELOPMENT_TEAM = QJEPU8BE9Z;
				INFOPLIST_FILE = "Your Vocabulary/Info.plist";
				IPHONEOS_DEPLOYMENT_TARGET = 11.0;
				LD_RUNPATH_SEARCH_PATHS = "$(inherited) @executable_path/Frameworks";
				PRODUCT_BUNDLE_IDENTIFIER = "DmitriiSemykin.Your-Vocabulary";
				PRODUCT_NAME = "$(TARGET_NAME)";
				SWIFT_OBJC_BRIDGING_HEADER = ObjectCBridgeHeader.h;
				SWIFT_VERSION = 4.0;
				TARGETED_DEVICE_FAMILY = "1,2";
			};
			name = Release;
		};
/* End XCBuildConfiguration section */

/* Begin XCConfigurationList section */
		E772805C1FFDDEF6004DC8A3 /* Build configuration list for PBXProject "Your Vocabulary" */ = {
			isa = XCConfigurationList;
			buildConfigurations = (
				E77280741FFDDEF6004DC8A3 /* Debug */,
				E77280751FFDDEF6004DC8A3 /* Release */,
			);
			defaultConfigurationIsVisible = 0;
			defaultConfigurationName = Release;
		};
		E77280761FFDDEF6004DC8A3 /* Build configuration list for PBXNativeTarget "Your Vocabulary" */ = {
			isa = XCConfigurationList;
			buildConfigurations = (
				E77280771FFDDEF6004DC8A3 /* Debug */,
				E77280781FFDDEF6004DC8A3 /* Release */,
			);
			defaultConfigurationIsVisible = 0;
			defaultConfigurationName = Release;
		};
/* End XCConfigurationList section */

/* Begin XCVersionGroup section */
		E772806B1FFDDEF6004DC8A3 /* Your_Vocabulary.xcdatamodeld */ = {
			isa = XCVersionGroup;
			children = (
				E772806C1FFDDEF6004DC8A3 /* Your_Vocabulary.xcdatamodel */,
			);
			currentVersion = E772806C1FFDDEF6004DC8A3 /* Your_Vocabulary.xcdatamodel */;
			path = Your_Vocabulary.xcdatamodeld;
			sourceTree = "<group>";
			versionGroupType = wrapper.xcdatamodel;
		};
/* End XCVersionGroup section */
	};
	rootObject = E77280591FFDDEF6004DC8A3 /* Project object */;
}
